
Microsoft Visual Studio Solution File, Format Version 12.00
# Visual Studio 2013
VisualStudioVersion = 12.0.40418.0
MinimumVisualStudioVersion = 10.0.40219.1
Project("{FAE04EC0-301F-11D3-BF4B-00C04F79EFBC}") = "FullStack.Api", "FullStackBlog.Api\FullStack.Api.csproj", "{02FE8417-D83B-499A-8925-33DD8516319D}"
EndProject
Project("{FAE04EC0-301F-11D3-BF4B-00C04F79EFBC}") = "FullStack.Models", "FullStackBlog.Models\FullStack.Models.csproj", "{D4075E0A-D7A5-40CA-AF66-1786133CF731}"
EndProject
Project("{FAE04EC0-301F-11D3-BF4B-00C04F79EFBC}") = "FullStack.Web", "FullStack.Web\FullStack.Web.csproj", "{B84F73B2-490A-46CD-BC5A-06773B3F83A3}"
EndProject
Project("{FAE04EC0-301F-11D3-BF4B-00C04F79EFBC}") = "FullStack.Data", "FullStack.Data\FullStack.Data.csproj", "{9EE22264-4570-4151-B68A-CC9F1833D627}"
EndProject
Global
	GlobalSection(SolutionConfigurationPlatforms) = preSolution
		Debug|Any CPU = Debug|Any CPU
		Release|Any CPU = Release|Any CPU
	EndGlobalSection
	GlobalSection(ProjectConfigurationPlatforms) = postSolution
		{02FE8417-D83B-499A-8925-33DD8516319D}.Debug|Any CPU.ActiveCfg = Debug|Any CPU
		{02FE8417-D83B-499A-8925-33DD8516319D}.Debug|Any CPU.Build.0 = Debug|Any CPU
		{02FE8417-D83B-499A-8925-33DD8516319D}.Release|Any CPU.ActiveCfg = Release|Any CPU
		{02FE8417-D83B-499A-8925-33DD8516319D}.Release|Any CPU.Build.0 = Release|Any CPU
		{D4075E0A-D7A5-40CA-AF66-1786133CF731}.Debug|Any CPU.ActiveCfg = Debug|Any CPU
		{D4075E0A-D7A5-40CA-AF66-1786133CF731}.Debug|Any CPU.Build.0 = Debug|Any CPU
		{D4075E0A-D7A5-40CA-AF66-1786133CF731}.Release|Any CPU.ActiveCfg = Release|Any CPU
		{D4075E0A-D7A5-40CA-AF66-1786133CF731}.Release|Any CPU.Build.0 = Release|Any CPU
		{B84F73B2-490A-46CD-BC5A-06773B3F83A3}.Debug|Any CPU.ActiveCfg = Debug|Any CPU
		{B84F73B2-490A-46CD-BC5A-06773B3F83A3}.Debug|Any CPU.Build.0 = Debug|Any CPU
		{B84F73B2-490A-46CD-BC5A-06773B3F83A3}.Release|Any CPU.ActiveCfg = Release|Any CPU
		{B84F73B2-490A-46CD-BC5A-06773B3F83A3}.Release|Any CPU.Build.0 = Release|Any CPU
		{9EE22264-4570-4151-B68A-CC9F1833D627}.Debug|Any CPU.ActiveCfg = Debug|Any CPU
		{9EE22264-4570-4151-B68A-CC9F1833D627}.Debug|Any CPU.Build.0 = Debug|Any CPU
		{9EE22264-4570-4151-B68A-CC9F1833D627}.Release|Any CPU.ActiveCfg = Release|Any CPU
		{9EE22264-4570-4151-B68A-CC9F1833D627}.Release|Any CPU.Build.0 = Release|Any CPU
	EndGlobalSection
	GlobalSection(SolutionProperties) = preSolution
		HideSolutionNode = FALSE
	EndGlobalSection
EndGlobal
